
Microsoft Visual Studio Solution File, Format Version 12.00
# Visual Studio Version 17
VisualStudioVersion = 17.13.35828.75 d17.13
MinimumVisualStudioVersion = 10.0.40219.1
Project("{FAE04EC0-301F-11D3-BF4B-00C04F79EFBC}") = "Project_A", "Project_A.csproj", "{3C99782A-3BA8-4080-B2C6-0946D301E575}"
EndProject
Global
	GlobalSection(SolutionConfigurationPlatforms) = preSolution
		Debug|Any CPU = Debug|Any CPU
		Release|Any CPU = Release|Any CPU
	EndGlobalSection
	GlobalSection(ProjectConfigurationPlatforms) = postSolution
		{3C99782A-3BA8-4080-B2C6-0946D301E575}.Debug|Any CPU.ActiveCfg = Debug|Any CPU
		{3C99782A-3BA8-4080-B2C6-0946D301E575}.Debug|Any CPU.Build.0 = Debug|Any CPU
		{3C99782A-3BA8-4080-B2C6-0946D301E575}.Release|Any CPU.ActiveCfg = Release|Any CPU
		{3C99782A-3BA8-4080-B2C6-0946D301E575}.Release|Any CPU.Build.0 = Release|Any CPU
	EndGlobalSection
	GlobalSection(SolutionProperties) = preSolution
		HideSolutionNode = FALSE
	EndGlobalSection
	GlobalSection(ExtensibilityGlobals) = postSolution
		SolutionGuid = {789CEA4E-2D76-48E5-B327-73B6FD953627}
	EndGlobalSection
EndGlobal
